
Microsoft Visual Studio Solution File, Format Version 12.00
# Visual Studio Version 17
VisualStudioVersion = 17.4.33213.308
MinimumVisualStudioVersion = 10.0.40219.1
Project("{FAE04EC0-301F-11D3-BF4B-00C04F79EFBC}") = "DefiningPersonClass", "DefiningPersonClass\DefiningPersonClass.csproj", "{982492A5-1BFC-4D20-8A06-224A94947801}"
EndProject
Project("{FAE04EC0-301F-11D3-BF4B-00C04F79EFBC}") = "Family", "Family\Family.csproj", "{F245EA25-905A-47D3-A22A-608058957397}"
EndProject
Project("{FAE04EC0-301F-11D3-BF4B-00C04F79EFBC}") = "Statisctics", "Statisctics\Statisctics.csproj", "{3A2ED4EE-00A4-41C2-8F9F-F04EE0562671}"
EndProject
Project("{FAE04EC0-301F-11D3-BF4B-00C04F79EFBC}") = "Bank", "Bank\Bank.csproj", "{FFE8D101-DDDB-44C2-B82C-9783534960CA}"
EndProject
Project("{FAE04EC0-301F-11D3-BF4B-00C04F79EFBC}") = "BankAccount", "BankAccount\BankAccount.csproj", "{2BA8D252-C1D7-43C7-865A-CD91561D9902}"
EndProject
Project("{FAE04EC0-301F-11D3-BF4B-00C04F79EFBC}") = "PersonMoney", "PersonMoney\PersonMoney.csproj", "{E66AC3DC-6B83-4EBF-8242-7E653A1494D3}"
EndProject
Global
	GlobalSection(SolutionConfigurationPlatforms) = preSolution
		Debug|Any CPU = Debug|Any CPU
		Release|Any CPU = Release|Any CPU
	EndGlobalSection
	GlobalSection(ProjectConfigurationPlatforms) = postSolution
		{982492A5-1BFC-4D20-8A06-224A94947801}.Debug|Any CPU.ActiveCfg = Debug|Any CPU
		{982492A5-1BFC-4D20-8A06-224A94947801}.Debug|Any CPU.Build.0 = Debug|Any CPU
		{982492A5-1BFC-4D20-8A06-224A94947801}.Release|Any CPU.ActiveCfg = Release|Any CPU
		{982492A5-1BFC-4D20-8A06-224A94947801}.Release|Any CPU.Build.0 = Release|Any CPU
		{F245EA25-905A-47D3-A22A-608058957397}.Debug|Any CPU.ActiveCfg = Debug|Any CPU
		{F245EA25-905A-47D3-A22A-608058957397}.Debug|Any CPU.Build.0 = Debug|Any CPU
		{F245EA25-905A-47D3-A22A-608058957397}.Release|Any CPU.ActiveCfg = Release|Any CPU
		{F245EA25-905A-47D3-A22A-608058957397}.Release|Any CPU.Build.0 = Release|Any CPU
		{3A2ED4EE-00A4-41C2-8F9F-F04EE0562671}.Debug|Any CPU.ActiveCfg = Debug|Any CPU
		{3A2ED4EE-00A4-41C2-8F9F-F04EE0562671}.Debug|Any CPU.Build.0 = Debug|Any CPU
		{3A2ED4EE-00A4-41C2-8F9F-F04EE0562671}.Release|Any CPU.ActiveCfg = Release|Any CPU
		{3A2ED4EE-00A4-41C2-8F9F-F04EE0562671}.Release|Any CPU.Build.0 = Release|Any CPU
		{FFE8D101-DDDB-44C2-B82C-9783534960CA}.Debug|Any CPU.ActiveCfg = Debug|Any CPU
		{FFE8D101-DDDB-44C2-B82C-9783534960CA}.Debug|Any CPU.Build.0 = Debug|Any CPU
		{FFE8D101-DDDB-44C2-B82C-9783534960CA}.Release|Any CPU.ActiveCfg = Release|Any CPU
		{FFE8D101-DDDB-44C2-B82C-9783534960CA}.Release|Any CPU.Build.0 = Release|Any CPU
		{2BA8D252-C1D7-43C7-865A-CD91561D9902}.Debug|Any CPU.ActiveCfg = Debug|Any CPU
		{2BA8D252-C1D7-43C7-865A-CD91561D9902}.Debug|Any CPU.Build.0 = Debug|Any CPU
		{2BA8D252-C1D7-43C7-865A-CD91561D9902}.Release|Any CPU.ActiveCfg = Release|Any CPU
		{2BA8D252-C1D7-43C7-865A-CD91561D9902}.Release|Any CPU.Build.0 = Release|Any CPU
		{E66AC3DC-6B83-4EBF-8242-7E653A1494D3}.Debug|Any CPU.ActiveCfg = Debug|Any CPU
		{E66AC3DC-6B83-4EBF-8242-7E653A1494D3}.Debug|Any CPU.Build.0 = Debug|Any CPU
		{E66AC3DC-6B83-4EBF-8242-7E653A1494D3}.Release|Any CPU.ActiveCfg = Release|Any CPU
		{E66AC3DC-6B83-4EBF-8242-7E653A1494D3}.Release|Any CPU.Build.0 = Release|Any CPU
	EndGlobalSection
	GlobalSection(SolutionProperties) = preSolution
		HideSolutionNode = FALSE
	EndGlobalSection
	GlobalSection(ExtensibilityGlobals) = postSolution
		SolutionGuid = {DEA8F542-6344-4E24-A4EC-385ACDA02079}
	EndGlobalSection
EndGlobal
